
Microsoft Visual Studio Solution File, Format Version 12.00
# Visual Studio 14
VisualStudioVersion = 14.0.25420.1
MinimumVisualStudioVersion = 10.0.40219.1
Project("{FAE04EC0-301F-11D3-BF4B-00C04F79EFBC}") = "AcHelper.Demo_2017", "AcHelper.Demo_2017.csproj", "{EB1287B5-AC16-44D2-A83F-B1408F339E96}"
EndProject
Global
	GlobalSection(SolutionConfigurationPlatforms) = preSolution
		Bundle_2017|Any CPU = Bundle_2017|Any CPU
		Debug_2017|Any CPU = Debug_2017|Any CPU
		Release_2017|Any CPU = Release_2017|Any CPU
	EndGlobalSection
	GlobalSection(ProjectConfigurationPlatforms) = postSolution
		{EB1287B5-AC16-44D2-A83F-B1408F339E96}.Bundle_2017|Any CPU.ActiveCfg = Bundle_2017|Any CPU
		{EB1287B5-AC16-44D2-A83F-B1408F339E96}.Bundle_2017|Any CPU.Build.0 = Bundle_2017|Any CPU
		{EB1287B5-AC16-44D2-A83F-B1408F339E96}.Debug_2017|Any CPU.ActiveCfg = Debug_2017|Any CPU
		{EB1287B5-AC16-44D2-A83F-B1408F339E96}.Debug_2017|Any CPU.Build.0 = Debug_2017|Any CPU
		{EB1287B5-AC16-44D2-A83F-B1408F339E96}.Release_2017|Any CPU.ActiveCfg = Release_2017|Any CPU
		{EB1287B5-AC16-44D2-A83F-B1408F339E96}.Release_2017|Any CPU.Build.0 = Release_2017|Any CPU
	EndGlobalSection
	GlobalSection(SolutionProperties) = preSolution
		HideSolutionNode = FALSE
	EndGlobalSection
EndGlobal
