
Microsoft Visual Studio Solution File, Format Version 12.00
# Visual Studio 14
VisualStudioVersion = 14.0.25420.1
MinimumVisualStudioVersion = 10.0.40219.1
Project("{FAE04EC0-301F-11D3-BF4B-00C04F79EFBC}") = "AcHelper(2017)", "AcHelper (NET46)\AcHelper(2017).csproj", "{F5E87F07-0D0A-48A7-B02B-66802B64997F}"
EndProject
Project("{FAE04EC0-301F-11D3-BF4B-00C04F79EFBC}") = "AcHelper.WPF(2017)", "AcHelper.WPF (NET46)\AcHelper.WPF(2017).csproj", "{E18AD61D-EC64-4260-BDC1-1A16D0007E70}"
EndProject
Project("{FAE04EC0-301F-11D3-BF4B-00C04F79EFBC}") = "AcHelper.DemoApp(2017)", "..\samples\AcHelper.DemoApp\AcHelper.DemoApp(2017).csproj", "{D49E5FA4-8DF2-433D-B25B-0BCCFD8B395C}"
EndProject
Global
	GlobalSection(SolutionConfigurationPlatforms) = preSolution
		Debug|Any CPU = Debug|Any CPU
		Debug|x64 = Debug|x64
		Release|Any CPU = Release|Any CPU
		Release|x64 = Release|x64
	EndGlobalSection
	GlobalSection(ProjectConfigurationPlatforms) = postSolution
		{F5E87F07-0D0A-48A7-B02B-66802B64997F}.Debug|Any CPU.ActiveCfg = Debug|Any CPU
		{F5E87F07-0D0A-48A7-B02B-66802B64997F}.Debug|Any CPU.Build.0 = Debug|Any CPU
		{F5E87F07-0D0A-48A7-B02B-66802B64997F}.Debug|x64.ActiveCfg = Debug|x64
		{F5E87F07-0D0A-48A7-B02B-66802B64997F}.Debug|x64.Build.0 = Debug|x64
		{F5E87F07-0D0A-48A7-B02B-66802B64997F}.Release|Any CPU.ActiveCfg = Release|Any CPU
		{F5E87F07-0D0A-48A7-B02B-66802B64997F}.Release|Any CPU.Build.0 = Release|Any CPU
		{F5E87F07-0D0A-48A7-B02B-66802B64997F}.Release|x64.ActiveCfg = Release|x64
		{F5E87F07-0D0A-48A7-B02B-66802B64997F}.Release|x64.Build.0 = Release|x64
		{E18AD61D-EC64-4260-BDC1-1A16D0007E70}.Debug|Any CPU.ActiveCfg = Debug|Any CPU
		{E18AD61D-EC64-4260-BDC1-1A16D0007E70}.Debug|Any CPU.Build.0 = Debug|Any CPU
		{E18AD61D-EC64-4260-BDC1-1A16D0007E70}.Debug|x64.ActiveCfg = Debug|x64
		{E18AD61D-EC64-4260-BDC1-1A16D0007E70}.Debug|x64.Build.0 = Debug|x64
		{E18AD61D-EC64-4260-BDC1-1A16D0007E70}.Release|Any CPU.ActiveCfg = Release|Any CPU
		{E18AD61D-EC64-4260-BDC1-1A16D0007E70}.Release|Any CPU.Build.0 = Release|Any CPU
		{E18AD61D-EC64-4260-BDC1-1A16D0007E70}.Release|x64.ActiveCfg = Release|x64
		{E18AD61D-EC64-4260-BDC1-1A16D0007E70}.Release|x64.Build.0 = Release|x64
		{D49E5FA4-8DF2-433D-B25B-0BCCFD8B395C}.Debug|Any CPU.ActiveCfg = Debug|Any CPU
		{D49E5FA4-8DF2-433D-B25B-0BCCFD8B395C}.Debug|Any CPU.Build.0 = Debug|Any CPU
		{D49E5FA4-8DF2-433D-B25B-0BCCFD8B395C}.Debug|x64.ActiveCfg = Debug|x64
		{D49E5FA4-8DF2-433D-B25B-0BCCFD8B395C}.Debug|x64.Build.0 = Debug|x64
		{D49E5FA4-8DF2-433D-B25B-0BCCFD8B395C}.Release|Any CPU.ActiveCfg = Release|Any CPU
		{D49E5FA4-8DF2-433D-B25B-0BCCFD8B395C}.Release|Any CPU.Build.0 = Release|Any CPU
		{D49E5FA4-8DF2-433D-B25B-0BCCFD8B395C}.Release|x64.ActiveCfg = Release|x64
		{D49E5FA4-8DF2-433D-B25B-0BCCFD8B395C}.Release|x64.Build.0 = Release|x64
	EndGlobalSection
	GlobalSection(SolutionProperties) = preSolution
		HideSolutionNode = FALSE
	EndGlobalSection
EndGlobal
