
Microsoft Visual Studio Solution File, Format Version 12.00
# Visual Studio 14
VisualStudioVersion = 14.0.25420.1
MinimumVisualStudioVersion = 10.0.40219.1
Project("{FAE04EC0-301F-11D3-BF4B-00C04F79EFBC}") = "AcHelper_2016", "AcHelper\AcHelper_2016.csproj", "{F5E87F07-0D0A-48A7-B02B-66802B64997F}"
EndProject
Project("{FAE04EC0-301F-11D3-BF4B-00C04F79EFBC}") = "AcHelper.Demo_2016", "AcHelper.Demo\AcHelper.Demo_2016.csproj", "{EB1287B5-AC16-44D2-A83F-B1408F339E96}"
EndProject
Project("{FAE04EC0-301F-11D3-BF4B-00C04F79EFBC}") = "AcHelper.WPF_2016", "AcHelper.WPF\AcHelper.WPF_2016.csproj", "{E18AD61D-EC64-4260-BDC1-1A16D0007E70}"
EndProject
Project("{FAE04EC0-301F-11D3-BF4B-00C04F79EFBC}") = "AcHelper.DemoApp_2015-2016", "AcHelper.DemoApp\AcHelper.DemoApp_2015-2016.csproj", "{D49E5FA4-8DF2-433D-B25B-0BCCFD8B395C}"
EndProject
Global
	GlobalSection(SolutionConfigurationPlatforms) = preSolution
		Bundle_2017|Any CPU = Bundle_2017|Any CPU
		Bundle_2017|x64 = Bundle_2017|x64
		Debug_2015|Any CPU = Debug_2015|Any CPU
		Debug_2015|x64 = Debug_2015|x64
		Debug_2016|Any CPU = Debug_2016|Any CPU
		Debug_2016|x64 = Debug_2016|x64
		Debug_2017|Any CPU = Debug_2017|Any CPU
		Debug_2017|x64 = Debug_2017|x64
		Release_2015|Any CPU = Release_2015|Any CPU
		Release_2015|x64 = Release_2015|x64
		Release_2016|Any CPU = Release_2016|Any CPU
		Release_2016|x64 = Release_2016|x64
		Release_2017|Any CPU = Release_2017|Any CPU
		Release_2017|x64 = Release_2017|x64
	EndGlobalSection
	GlobalSection(ProjectConfigurationPlatforms) = postSolution
		{F5E87F07-0D0A-48A7-B02B-66802B64997F}.Bundle_2017|Any CPU.ActiveCfg = Debug|Any CPU
		{F5E87F07-0D0A-48A7-B02B-66802B64997F}.Bundle_2017|Any CPU.Build.0 = Debug|Any CPU
		{F5E87F07-0D0A-48A7-B02B-66802B64997F}.Bundle_2017|x64.ActiveCfg = Debug|Any CPU
		{F5E87F07-0D0A-48A7-B02B-66802B64997F}.Bundle_2017|x64.Build.0 = Debug|Any CPU
		{F5E87F07-0D0A-48A7-B02B-66802B64997F}.Debug_2015|Any CPU.ActiveCfg = Debug_2015|Any CPU
		{F5E87F07-0D0A-48A7-B02B-66802B64997F}.Debug_2015|Any CPU.Build.0 = Debug_2015|Any CPU
		{F5E87F07-0D0A-48A7-B02B-66802B64997F}.Debug_2015|x64.ActiveCfg = Debug_2015|Any CPU
		{F5E87F07-0D0A-48A7-B02B-66802B64997F}.Debug_2015|x64.Build.0 = Debug_2015|Any CPU
		{F5E87F07-0D0A-48A7-B02B-66802B64997F}.Debug_2016|Any CPU.ActiveCfg = Debug_2016|Any CPU
		{F5E87F07-0D0A-48A7-B02B-66802B64997F}.Debug_2016|Any CPU.Build.0 = Debug_2016|Any CPU
		{F5E87F07-0D0A-48A7-B02B-66802B64997F}.Debug_2016|x64.ActiveCfg = Debug_2016|Any CPU
		{F5E87F07-0D0A-48A7-B02B-66802B64997F}.Debug_2016|x64.Build.0 = Debug_2016|Any CPU
		{F5E87F07-0D0A-48A7-B02B-66802B64997F}.Debug_2017|Any CPU.ActiveCfg = Debug_2016|Any CPU
		{F5E87F07-0D0A-48A7-B02B-66802B64997F}.Debug_2017|Any CPU.Build.0 = Debug_2016|Any CPU
		{F5E87F07-0D0A-48A7-B02B-66802B64997F}.Debug_2017|x64.ActiveCfg = Debug_2016|Any CPU
		{F5E87F07-0D0A-48A7-B02B-66802B64997F}.Debug_2017|x64.Build.0 = Debug_2016|Any CPU
		{F5E87F07-0D0A-48A7-B02B-66802B64997F}.Release_2015|Any CPU.ActiveCfg = Release_2015|Any CPU
		{F5E87F07-0D0A-48A7-B02B-66802B64997F}.Release_2015|Any CPU.Build.0 = Release_2015|Any CPU
		{F5E87F07-0D0A-48A7-B02B-66802B64997F}.Release_2015|x64.ActiveCfg = Release_2015|Any CPU
		{F5E87F07-0D0A-48A7-B02B-66802B64997F}.Release_2015|x64.Build.0 = Release_2015|Any CPU
		{F5E87F07-0D0A-48A7-B02B-66802B64997F}.Release_2016|Any CPU.ActiveCfg = Release_2016|Any CPU
		{F5E87F07-0D0A-48A7-B02B-66802B64997F}.Release_2016|Any CPU.Build.0 = Release_2016|Any CPU
		{F5E87F07-0D0A-48A7-B02B-66802B64997F}.Release_2016|x64.ActiveCfg = Release_2016|Any CPU
		{F5E87F07-0D0A-48A7-B02B-66802B64997F}.Release_2016|x64.Build.0 = Release_2016|Any CPU
		{F5E87F07-0D0A-48A7-B02B-66802B64997F}.Release_2017|Any CPU.ActiveCfg = Release_2016|Any CPU
		{F5E87F07-0D0A-48A7-B02B-66802B64997F}.Release_2017|Any CPU.Build.0 = Release_2016|Any CPU
		{F5E87F07-0D0A-48A7-B02B-66802B64997F}.Release_2017|x64.ActiveCfg = Release_2016|Any CPU
		{F5E87F07-0D0A-48A7-B02B-66802B64997F}.Release_2017|x64.Build.0 = Release_2016|Any CPU
		{EB1287B5-AC16-44D2-A83F-B1408F339E96}.Bundle_2017|Any CPU.ActiveCfg = Debug|Any CPU
		{EB1287B5-AC16-44D2-A83F-B1408F339E96}.Bundle_2017|Any CPU.Build.0 = Debug|Any CPU
		{EB1287B5-AC16-44D2-A83F-B1408F339E96}.Bundle_2017|x64.ActiveCfg = Debug|Any CPU
		{EB1287B5-AC16-44D2-A83F-B1408F339E96}.Bundle_2017|x64.Build.0 = Debug|Any CPU
		{EB1287B5-AC16-44D2-A83F-B1408F339E96}.Debug_2015|Any CPU.ActiveCfg = Debug_2015|Any CPU
		{EB1287B5-AC16-44D2-A83F-B1408F339E96}.Debug_2015|Any CPU.Build.0 = Debug_2015|Any CPU
		{EB1287B5-AC16-44D2-A83F-B1408F339E96}.Debug_2015|x64.ActiveCfg = Debug_2015|Any CPU
		{EB1287B5-AC16-44D2-A83F-B1408F339E96}.Debug_2015|x64.Build.0 = Debug_2015|Any CPU
		{EB1287B5-AC16-44D2-A83F-B1408F339E96}.Debug_2016|Any CPU.ActiveCfg = Debug_2016|Any CPU
		{EB1287B5-AC16-44D2-A83F-B1408F339E96}.Debug_2016|Any CPU.Build.0 = Debug_2016|Any CPU
		{EB1287B5-AC16-44D2-A83F-B1408F339E96}.Debug_2016|x64.ActiveCfg = Debug_2016|Any CPU
		{EB1287B5-AC16-44D2-A83F-B1408F339E96}.Debug_2016|x64.Build.0 = Debug_2016|Any CPU
		{EB1287B5-AC16-44D2-A83F-B1408F339E96}.Debug_2017|Any CPU.ActiveCfg = Debug_2016|Any CPU
		{EB1287B5-AC16-44D2-A83F-B1408F339E96}.Debug_2017|Any CPU.Build.0 = Debug_2016|Any CPU
		{EB1287B5-AC16-44D2-A83F-B1408F339E96}.Debug_2017|x64.ActiveCfg = Debug_2016|Any CPU
		{EB1287B5-AC16-44D2-A83F-B1408F339E96}.Debug_2017|x64.Build.0 = Debug_2016|Any CPU
		{EB1287B5-AC16-44D2-A83F-B1408F339E96}.Release_2015|Any CPU.ActiveCfg = Release_2015|Any CPU
		{EB1287B5-AC16-44D2-A83F-B1408F339E96}.Release_2015|x64.ActiveCfg = Release_2015|Any CPU
		{EB1287B5-AC16-44D2-A83F-B1408F339E96}.Release_2015|x64.Build.0 = Release_2015|Any CPU
		{EB1287B5-AC16-44D2-A83F-B1408F339E96}.Release_2016|Any CPU.ActiveCfg = Release_2016|Any CPU
		{EB1287B5-AC16-44D2-A83F-B1408F339E96}.Release_2016|x64.ActiveCfg = Release_2016|Any CPU
		{EB1287B5-AC16-44D2-A83F-B1408F339E96}.Release_2016|x64.Build.0 = Release_2016|Any CPU
		{EB1287B5-AC16-44D2-A83F-B1408F339E96}.Release_2017|Any CPU.ActiveCfg = Release_2016|Any CPU
		{EB1287B5-AC16-44D2-A83F-B1408F339E96}.Release_2017|Any CPU.Build.0 = Release_2016|Any CPU
		{EB1287B5-AC16-44D2-A83F-B1408F339E96}.Release_2017|x64.ActiveCfg = Release_2016|Any CPU
		{EB1287B5-AC16-44D2-A83F-B1408F339E96}.Release_2017|x64.Build.0 = Release_2016|Any CPU
		{E18AD61D-EC64-4260-BDC1-1A16D0007E70}.Bundle_2017|Any CPU.ActiveCfg = Release_2016|Any CPU
		{E18AD61D-EC64-4260-BDC1-1A16D0007E70}.Bundle_2017|Any CPU.Build.0 = Release_2016|Any CPU
		{E18AD61D-EC64-4260-BDC1-1A16D0007E70}.Bundle_2017|x64.ActiveCfg = Release_2016|Any CPU
		{E18AD61D-EC64-4260-BDC1-1A16D0007E70}.Bundle_2017|x64.Build.0 = Release_2016|Any CPU
		{E18AD61D-EC64-4260-BDC1-1A16D0007E70}.Debug_2015|Any CPU.ActiveCfg = Debug_2015|Any CPU
		{E18AD61D-EC64-4260-BDC1-1A16D0007E70}.Debug_2015|Any CPU.Build.0 = Debug_2015|Any CPU
		{E18AD61D-EC64-4260-BDC1-1A16D0007E70}.Debug_2015|x64.ActiveCfg = Debug_2015|Any CPU
		{E18AD61D-EC64-4260-BDC1-1A16D0007E70}.Debug_2015|x64.Build.0 = Debug_2015|Any CPU
		{E18AD61D-EC64-4260-BDC1-1A16D0007E70}.Debug_2016|Any CPU.ActiveCfg = Debug_2016|Any CPU
		{E18AD61D-EC64-4260-BDC1-1A16D0007E70}.Debug_2016|Any CPU.Build.0 = Debug_2016|Any CPU
		{E18AD61D-EC64-4260-BDC1-1A16D0007E70}.Debug_2016|x64.ActiveCfg = Debug_2016|Any CPU
		{E18AD61D-EC64-4260-BDC1-1A16D0007E70}.Debug_2016|x64.Build.0 = Debug_2016|Any CPU
		{E18AD61D-EC64-4260-BDC1-1A16D0007E70}.Debug_2017|Any CPU.ActiveCfg = Debug_2016|Any CPU
		{E18AD61D-EC64-4260-BDC1-1A16D0007E70}.Debug_2017|Any CPU.Build.0 = Debug_2016|Any CPU
		{E18AD61D-EC64-4260-BDC1-1A16D0007E70}.Debug_2017|x64.ActiveCfg = Debug_2016|Any CPU
		{E18AD61D-EC64-4260-BDC1-1A16D0007E70}.Debug_2017|x64.Build.0 = Debug_2016|Any CPU
		{E18AD61D-EC64-4260-BDC1-1A16D0007E70}.Release_2015|Any CPU.ActiveCfg = Release_2015|Any CPU
		{E18AD61D-EC64-4260-BDC1-1A16D0007E70}.Release_2015|Any CPU.Build.0 = Release_2015|Any CPU
		{E18AD61D-EC64-4260-BDC1-1A16D0007E70}.Release_2015|x64.ActiveCfg = Release_2015|Any CPU
		{E18AD61D-EC64-4260-BDC1-1A16D0007E70}.Release_2015|x64.Build.0 = Release_2015|Any CPU
		{E18AD61D-EC64-4260-BDC1-1A16D0007E70}.Release_2016|Any CPU.ActiveCfg = Release_2016|Any CPU
		{E18AD61D-EC64-4260-BDC1-1A16D0007E70}.Release_2016|Any CPU.Build.0 = Release_2016|Any CPU
		{E18AD61D-EC64-4260-BDC1-1A16D0007E70}.Release_2016|x64.ActiveCfg = Release_2016|Any CPU
		{E18AD61D-EC64-4260-BDC1-1A16D0007E70}.Release_2016|x64.Build.0 = Release_2016|Any CPU
		{E18AD61D-EC64-4260-BDC1-1A16D0007E70}.Release_2017|Any CPU.ActiveCfg = Release_2016|Any CPU
		{E18AD61D-EC64-4260-BDC1-1A16D0007E70}.Release_2017|Any CPU.Build.0 = Release_2016|Any CPU
		{E18AD61D-EC64-4260-BDC1-1A16D0007E70}.Release_2017|x64.ActiveCfg = Release_2016|Any CPU
		{E18AD61D-EC64-4260-BDC1-1A16D0007E70}.Release_2017|x64.Build.0 = Release_2016|Any CPU
		{D49E5FA4-8DF2-433D-B25B-0BCCFD8B395C}.Bundle_2017|Any CPU.ActiveCfg = Bundle_2017|x64
		{D49E5FA4-8DF2-433D-B25B-0BCCFD8B395C}.Bundle_2017|x64.ActiveCfg = Bundle_2017|x64
		{D49E5FA4-8DF2-433D-B25B-0BCCFD8B395C}.Bundle_2017|x64.Build.0 = Bundle_2017|x64
		{D49E5FA4-8DF2-433D-B25B-0BCCFD8B395C}.Debug_2015|Any CPU.ActiveCfg = Bundle_2017|x64
		{D49E5FA4-8DF2-433D-B25B-0BCCFD8B395C}.Debug_2015|Any CPU.Build.0 = Bundle_2017|x64
		{D49E5FA4-8DF2-433D-B25B-0BCCFD8B395C}.Debug_2015|x64.ActiveCfg = Debug_2017|x64
		{D49E5FA4-8DF2-433D-B25B-0BCCFD8B395C}.Debug_2015|x64.Build.0 = Debug_2017|x64
		{D49E5FA4-8DF2-433D-B25B-0BCCFD8B395C}.Debug_2016|Any CPU.ActiveCfg = Bundle_2017|x64
		{D49E5FA4-8DF2-433D-B25B-0BCCFD8B395C}.Debug_2016|Any CPU.Build.0 = Bundle_2017|x64
		{D49E5FA4-8DF2-433D-B25B-0BCCFD8B395C}.Debug_2016|x64.ActiveCfg = Debug_2017|x64
		{D49E5FA4-8DF2-433D-B25B-0BCCFD8B395C}.Debug_2016|x64.Build.0 = Debug_2017|x64
		{D49E5FA4-8DF2-433D-B25B-0BCCFD8B395C}.Debug_2017|Any CPU.ActiveCfg = Debug_2017|x64
		{D49E5FA4-8DF2-433D-B25B-0BCCFD8B395C}.Debug_2017|x64.ActiveCfg = Debug_2017|x64
		{D49E5FA4-8DF2-433D-B25B-0BCCFD8B395C}.Debug_2017|x64.Build.0 = Debug_2017|x64
		{D49E5FA4-8DF2-433D-B25B-0BCCFD8B395C}.Release_2015|Any CPU.ActiveCfg = Bundle_2017|x64
		{D49E5FA4-8DF2-433D-B25B-0BCCFD8B395C}.Release_2015|Any CPU.Build.0 = Bundle_2017|x64
		{D49E5FA4-8DF2-433D-B25B-0BCCFD8B395C}.Release_2015|x64.ActiveCfg = Release_2017|x64
		{D49E5FA4-8DF2-433D-B25B-0BCCFD8B395C}.Release_2015|x64.Build.0 = Release_2017|x64
		{D49E5FA4-8DF2-433D-B25B-0BCCFD8B395C}.Release_2016|Any CPU.ActiveCfg = Bundle_2017|x64
		{D49E5FA4-8DF2-433D-B25B-0BCCFD8B395C}.Release_2016|Any CPU.Build.0 = Bundle_2017|x64
		{D49E5FA4-8DF2-433D-B25B-0BCCFD8B395C}.Release_2016|x64.ActiveCfg = Release_2017|x64
		{D49E5FA4-8DF2-433D-B25B-0BCCFD8B395C}.Release_2016|x64.Build.0 = Release_2017|x64
		{D49E5FA4-8DF2-433D-B25B-0BCCFD8B395C}.Release_2017|Any CPU.ActiveCfg = Release_2017|x64
		{D49E5FA4-8DF2-433D-B25B-0BCCFD8B395C}.Release_2017|x64.ActiveCfg = Release_2017|x64
		{D49E5FA4-8DF2-433D-B25B-0BCCFD8B395C}.Release_2017|x64.Build.0 = Release_2017|x64
	EndGlobalSection
	GlobalSection(SolutionProperties) = preSolution
		HideSolutionNode = FALSE
	EndGlobalSection
EndGlobal
